
Microsoft Visual Studio Solution File, Format Version 12.00
# Visual Studio 15
VisualStudioVersion = 15.0.28307.645
MinimumVisualStudioVersion = 10.0.40219.1
Project("{FAE04EC0-301F-11D3-BF4B-00C04F79EFBC}") = "Abstract", "Abstract.csproj", "{C2E2D5D5-CB4B-4994-AC80-F10BEB145266}"
EndProject
Global
	GlobalSection(SolutionConfigurationPlatforms) = preSolution
		Debug|Any CPU = Debug|Any CPU
		Release|Any CPU = Release|Any CPU
	EndGlobalSection
	GlobalSection(ProjectConfigurationPlatforms) = postSolution
		{C2E2D5D5-CB4B-4994-AC80-F10BEB145266}.Debug|Any CPU.ActiveCfg = Debug|Any CPU
		{C2E2D5D5-CB4B-4994-AC80-F10BEB145266}.Debug|Any CPU.Build.0 = Debug|Any CPU
		{C2E2D5D5-CB4B-4994-AC80-F10BEB145266}.Release|Any CPU.ActiveCfg = Release|Any CPU
		{C2E2D5D5-CB4B-4994-AC80-F10BEB145266}.Release|Any CPU.Build.0 = Release|Any CPU
	EndGlobalSection
	GlobalSection(SolutionProperties) = preSolution
		HideSolutionNode = FALSE
	EndGlobalSection
	GlobalSection(ExtensibilityGlobals) = postSolution
		SolutionGuid = {ACD2AE12-4404-4B88-B82C-D768AB7C9427}
	EndGlobalSection
EndGlobal
